
Microsoft Visual Studio Solution File, Format Version 12.00
# Visual Studio Version 17
VisualStudioVersion = 17.1.32328.378
MinimumVisualStudioVersion = 10.0.40219.1
Project("{9A19103F-16F7-4668-BE54-9A1E7A4F7556}") = "TCPIP", "TCPIP\TCPIP.csproj", "{D5BBAE1A-0313-4A3E-A21D-67EE027EBACA}"
EndProject
Project("{9A19103F-16F7-4668-BE54-9A1E7A4F7556}") = "MethodGaus", "MethodGaus\MethodGaus.csproj", "{255038BD-E95D-4F13-9986-FF6051D4D2D3}"
EndProject
Project("{FAE04EC0-301F-11D3-BF4B-00C04F79EFBC}") = "UnitTests", "UnitTests\UnitTests.csproj", "{B8222E87-74DD-4461-AA18-E72632DDF397}"
EndProject
Global
	GlobalSection(SolutionConfigurationPlatforms) = preSolution
		Debug|Any CPU = Debug|Any CPU
		Release|Any CPU = Release|Any CPU
	EndGlobalSection
	GlobalSection(ProjectConfigurationPlatforms) = postSolution
		{D5BBAE1A-0313-4A3E-A21D-67EE027EBACA}.Debug|Any CPU.ActiveCfg = Debug|Any CPU
		{D5BBAE1A-0313-4A3E-A21D-67EE027EBACA}.Debug|Any CPU.Build.0 = Debug|Any CPU
		{D5BBAE1A-0313-4A3E-A21D-67EE027EBACA}.Release|Any CPU.ActiveCfg = Release|Any CPU
		{D5BBAE1A-0313-4A3E-A21D-67EE027EBACA}.Release|Any CPU.Build.0 = Release|Any CPU
		{255038BD-E95D-4F13-9986-FF6051D4D2D3}.Debug|Any CPU.ActiveCfg = Debug|Any CPU
		{255038BD-E95D-4F13-9986-FF6051D4D2D3}.Debug|Any CPU.Build.0 = Debug|Any CPU
		{255038BD-E95D-4F13-9986-FF6051D4D2D3}.Release|Any CPU.ActiveCfg = Release|Any CPU
		{255038BD-E95D-4F13-9986-FF6051D4D2D3}.Release|Any CPU.Build.0 = Release|Any CPU
		{B8222E87-74DD-4461-AA18-E72632DDF397}.Debug|Any CPU.ActiveCfg = Debug|Any CPU
		{B8222E87-74DD-4461-AA18-E72632DDF397}.Debug|Any CPU.Build.0 = Debug|Any CPU
		{B8222E87-74DD-4461-AA18-E72632DDF397}.Release|Any CPU.ActiveCfg = Release|Any CPU
		{B8222E87-74DD-4461-AA18-E72632DDF397}.Release|Any CPU.Build.0 = Release|Any CPU
	EndGlobalSection
	GlobalSection(SolutionProperties) = preSolution
		HideSolutionNode = FALSE
	EndGlobalSection
	GlobalSection(ExtensibilityGlobals) = postSolution
		SolutionGuid = {FCD95734-386C-4DB7-B311-7B94D3122C98}
	EndGlobalSection
EndGlobal
